
Microsoft Visual Studio Solution File, Format Version 12.00
# Visual Studio Version 17
VisualStudioVersion = 17.0.31903.59
MinimumVisualStudioVersion = 10.0.40219.1
Project("{2150E333-8FDC-42A3-9474-1A3956D46DE8}") = "src", "src", "{827E0CD3-B72D-47B6-A68D-7590B98EB39B}"
EndProject
Project("{FAE04EC0-301F-11D3-BF4B-00C04F79EFBC}") = "StudyHub.Domain", "src\StudyHub.Domain\StudyHub.Domain.csproj", "{CA298773-463E-4D8D-8B80-1982AF2D69F3}"
EndProject
Project("{FAE04EC0-301F-11D3-BF4B-00C04F79EFBC}") = "StudyHub.Application", "src\StudyHub.Application\StudyHub.Application.csproj", "{79C93ED7-BF0D-492B-BD02-AEBC3E03C952}"
EndProject
Project("{FAE04EC0-301F-11D3-BF4B-00C04F79EFBC}") = "StudyHub.Persistence", "src\StudyHub.Persistence\StudyHub.Persistence.csproj", "{4F63CF40-614E-4603-9565-58C2C1FAB21A}"
EndProject
Project("{FAE04EC0-301F-11D3-BF4B-00C04F79EFBC}") = "StudyHub.Infrastructure", "src\StudyHub.Infrastructure\StudyHub.Infrastructure.csproj", "{4E45273C-B951-4A23-9B30-55C8AC2BBA9D}"
EndProject
Project("{FAE04EC0-301F-11D3-BF4B-00C04F79EFBC}") = "StudyHub.Web", "src\StudyHub.Web\StudyHub.Web.csproj", "{0C3BB33D-04BD-4322-AEF6-EFEEB8230B5B}"
EndProject
Project("{2150E333-8FDC-42A3-9474-1A3956D46DE8}") = "tests", "tests", "{0AB3BF05-4346-4AA6-1389-037BE0695223}"
EndProject
Project("{FAE04EC0-301F-11D3-BF4B-00C04F79EFBC}") = "StudyHub.Tests", "tests\StudyHub.Tests\StudyHub.Tests.csproj", "{C7D15120-E0E4-4964-933A-064C04923F87}"
EndProject
Global
	GlobalSection(SolutionConfigurationPlatforms) = preSolution
		Debug|Any CPU = Debug|Any CPU
		Debug|x64 = Debug|x64
		Debug|x86 = Debug|x86
		Release|Any CPU = Release|Any CPU
		Release|x64 = Release|x64
		Release|x86 = Release|x86
	EndGlobalSection
	GlobalSection(ProjectConfigurationPlatforms) = postSolution
		{CA298773-463E-4D8D-8B80-1982AF2D69F3}.Debug|Any CPU.ActiveCfg = Debug|Any CPU
		{CA298773-463E-4D8D-8B80-1982AF2D69F3}.Debug|Any CPU.Build.0 = Debug|Any CPU
		{CA298773-463E-4D8D-8B80-1982AF2D69F3}.Debug|x64.ActiveCfg = Debug|Any CPU
		{CA298773-463E-4D8D-8B80-1982AF2D69F3}.Debug|x64.Build.0 = Debug|Any CPU
		{CA298773-463E-4D8D-8B80-1982AF2D69F3}.Debug|x86.ActiveCfg = Debug|Any CPU
		{CA298773-463E-4D8D-8B80-1982AF2D69F3}.Debug|x86.Build.0 = Debug|Any CPU
		{CA298773-463E-4D8D-8B80-1982AF2D69F3}.Release|Any CPU.ActiveCfg = Release|Any CPU
		{CA298773-463E-4D8D-8B80-1982AF2D69F3}.Release|Any CPU.Build.0 = Release|Any CPU
		{CA298773-463E-4D8D-8B80-1982AF2D69F3}.Release|x64.ActiveCfg = Release|Any CPU
		{CA298773-463E-4D8D-8B80-1982AF2D69F3}.Release|x64.Build.0 = Release|Any CPU
		{CA298773-463E-4D8D-8B80-1982AF2D69F3}.Release|x86.ActiveCfg = Release|Any CPU
		{CA298773-463E-4D8D-8B80-1982AF2D69F3}.Release|x86.Build.0 = Release|Any CPU
		{79C93ED7-BF0D-492B-BD02-AEBC3E03C952}.Debug|Any CPU.ActiveCfg = Debug|Any CPU
		{79C93ED7-BF0D-492B-BD02-AEBC3E03C952}.Debug|Any CPU.Build.0 = Debug|Any CPU
		{79C93ED7-BF0D-492B-BD02-AEBC3E03C952}.Debug|x64.ActiveCfg = Debug|Any CPU
		{79C93ED7-BF0D-492B-BD02-AEBC3E03C952}.Debug|x64.Build.0 = Debug|Any CPU
		{79C93ED7-BF0D-492B-BD02-AEBC3E03C952}.Debug|x86.ActiveCfg = Debug|Any CPU
		{79C93ED7-BF0D-492B-BD02-AEBC3E03C952}.Debug|x86.Build.0 = Debug|Any CPU
		{79C93ED7-BF0D-492B-BD02-AEBC3E03C952}.Release|Any CPU.ActiveCfg = Release|Any CPU
		{79C93ED7-BF0D-492B-BD02-AEBC3E03C952}.Release|Any CPU.Build.0 = Release|Any CPU
		{79C93ED7-BF0D-492B-BD02-AEBC3E03C952}.Release|x64.ActiveCfg = Release|Any CPU
		{79C93ED7-BF0D-492B-BD02-AEBC3E03C952}.Release|x64.Build.0 = Release|Any CPU
		{79C93ED7-BF0D-492B-BD02-AEBC3E03C952}.Release|x86.ActiveCfg = Release|Any CPU
		{79C93ED7-BF0D-492B-BD02-AEBC3E03C952}.Release|x86.Build.0 = Release|Any CPU
		{4F63CF40-614E-4603-9565-58C2C1FAB21A}.Debug|Any CPU.ActiveCfg = Debug|Any CPU
		{4F63CF40-614E-4603-9565-58C2C1FAB21A}.Debug|Any CPU.Build.0 = Debug|Any CPU
		{4F63CF40-614E-4603-9565-58C2C1FAB21A}.Debug|x64.ActiveCfg = Debug|Any CPU
		{4F63CF40-614E-4603-9565-58C2C1FAB21A}.Debug|x64.Build.0 = Debug|Any CPU
		{4F63CF40-614E-4603-9565-58C2C1FAB21A}.Debug|x86.ActiveCfg = Debug|Any CPU
		{4F63CF40-614E-4603-9565-58C2C1FAB21A}.Debug|x86.Build.0 = Debug|Any CPU
		{4F63CF40-614E-4603-9565-58C2C1FAB21A}.Release|Any CPU.ActiveCfg = Release|Any CPU
		{4F63CF40-614E-4603-9565-58C2C1FAB21A}.Release|Any CPU.Build.0 = Release|Any CPU
		{4F63CF40-614E-4603-9565-58C2C1FAB21A}.Release|x64.ActiveCfg = Release|Any CPU
		{4F63CF40-614E-4603-9565-58C2C1FAB21A}.Release|x64.Build.0 = Release|Any CPU
		{4F63CF40-614E-4603-9565-58C2C1FAB21A}.Release|x86.ActiveCfg = Release|Any CPU
		{4F63CF40-614E-4603-9565-58C2C1FAB21A}.Release|x86.Build.0 = Release|Any CPU
		{4E45273C-B951-4A23-9B30-55C8AC2BBA9D}.Debug|Any CPU.ActiveCfg = Debug|Any CPU
		{4E45273C-B951-4A23-9B30-55C8AC2BBA9D}.Debug|Any CPU.Build.0 = Debug|Any CPU
		{4E45273C-B951-4A23-9B30-55C8AC2BBA9D}.Debug|x64.ActiveCfg = Debug|Any CPU
		{4E45273C-B951-4A23-9B30-55C8AC2BBA9D}.Debug|x64.Build.0 = Debug|Any CPU
		{4E45273C-B951-4A23-9B30-55C8AC2BBA9D}.Debug|x86.ActiveCfg = Debug|Any CPU
		{4E45273C-B951-4A23-9B30-55C8AC2BBA9D}.Debug|x86.Build.0 = Debug|Any CPU
		{4E45273C-B951-4A23-9B30-55C8AC2BBA9D}.Release|Any CPU.ActiveCfg = Release|Any CPU
		{4E45273C-B951-4A23-9B30-55C8AC2BBA9D}.Release|Any CPU.Build.0 = Release|Any CPU
		{4E45273C-B951-4A23-9B30-55C8AC2BBA9D}.Release|x64.ActiveCfg = Release|Any CPU
		{4E45273C-B951-4A23-9B30-55C8AC2BBA9D}.Release|x64.Build.0 = Release|Any CPU
		{4E45273C-B951-4A23-9B30-55C8AC2BBA9D}.Release|x86.ActiveCfg = Release|Any CPU
		{4E45273C-B951-4A23-9B30-55C8AC2BBA9D}.Release|x86.Build.0 = Release|Any CPU
		{0C3BB33D-04BD-4322-AEF6-EFEEB8230B5B}.Debug|Any CPU.ActiveCfg = Debug|Any CPU
		{0C3BB33D-04BD-4322-AEF6-EFEEB8230B5B}.Debug|Any CPU.Build.0 = Debug|Any CPU
		{0C3BB33D-04BD-4322-AEF6-EFEEB8230B5B}.Debug|x64.ActiveCfg = Debug|Any CPU
		{0C3BB33D-04BD-4322-AEF6-EFEEB8230B5B}.Debug|x64.Build.0 = Debug|Any CPU
		{0C3BB33D-04BD-4322-AEF6-EFEEB8230B5B}.Debug|x86.ActiveCfg = Debug|Any CPU
		{0C3BB33D-04BD-4322-AEF6-EFEEB8230B5B}.Debug|x86.Build.0 = Debug|Any CPU
		{0C3BB33D-04BD-4322-AEF6-EFEEB8230B5B}.Release|Any CPU.ActiveCfg = Release|Any CPU
		{0C3BB33D-04BD-4322-AEF6-EFEEB8230B5B}.Release|Any CPU.Build.0 = Release|Any CPU
		{0C3BB33D-04BD-4322-AEF6-EFEEB8230B5B}.Release|x64.ActiveCfg = Release|Any CPU
		{0C3BB33D-04BD-4322-AEF6-EFEEB8230B5B}.Release|x64.Build.0 = Release|Any CPU
		{0C3BB33D-04BD-4322-AEF6-EFEEB8230B5B}.Release|x86.ActiveCfg = Release|Any CPU
		{0C3BB33D-04BD-4322-AEF6-EFEEB8230B5B}.Release|x86.Build.0 = Release|Any CPU
		{C7D15120-E0E4-4964-933A-064C04923F87}.Debug|Any CPU.ActiveCfg = Debug|Any CPU
		{C7D15120-E0E4-4964-933A-064C04923F87}.Debug|Any CPU.Build.0 = Debug|Any CPU
		{C7D15120-E0E4-4964-933A-064C04923F87}.Debug|x64.ActiveCfg = Debug|Any CPU
		{C7D15120-E0E4-4964-933A-064C04923F87}.Debug|x64.Build.0 = Debug|Any CPU
		{C7D15120-E0E4-4964-933A-064C04923F87}.Debug|x86.ActiveCfg = Debug|Any CPU
		{C7D15120-E0E4-4964-933A-064C04923F87}.Debug|x86.Build.0 = Debug|Any CPU
		{C7D15120-E0E4-4964-933A-064C04923F87}.Release|Any CPU.ActiveCfg = Release|Any CPU
		{C7D15120-E0E4-4964-933A-064C04923F87}.Release|Any CPU.Build.0 = Release|Any CPU
		{C7D15120-E0E4-4964-933A-064C04923F87}.Release|x64.ActiveCfg = Release|Any CPU
		{C7D15120-E0E4-4964-933A-064C04923F87}.Release|x64.Build.0 = Release|Any CPU
		{C7D15120-E0E4-4964-933A-064C04923F87}.Release|x86.ActiveCfg = Release|Any CPU
		{C7D15120-E0E4-4964-933A-064C04923F87}.Release|x86.Build.0 = Release|Any CPU
	EndGlobalSection
	GlobalSection(SolutionProperties) = preSolution
		HideSolutionNode = FALSE
	EndGlobalSection
	GlobalSection(NestedProjects) = preSolution
		{CA298773-463E-4D8D-8B80-1982AF2D69F3} = {827E0CD3-B72D-47B6-A68D-7590B98EB39B}
		{79C93ED7-BF0D-492B-BD02-AEBC3E03C952} = {827E0CD3-B72D-47B6-A68D-7590B98EB39B}
		{4F63CF40-614E-4603-9565-58C2C1FAB21A} = {827E0CD3-B72D-47B6-A68D-7590B98EB39B}
		{4E45273C-B951-4A23-9B30-55C8AC2BBA9D} = {827E0CD3-B72D-47B6-A68D-7590B98EB39B}
		{0C3BB33D-04BD-4322-AEF6-EFEEB8230B5B} = {827E0CD3-B72D-47B6-A68D-7590B98EB39B}
		{C7D15120-E0E4-4964-933A-064C04923F87} = {0AB3BF05-4346-4AA6-1389-037BE0695223}
	EndGlobalSection
EndGlobal
